
Microsoft Visual Studio Solution File, Format Version 12.00
# Visual Studio Version 16
VisualStudioVersion = 16.0.31624.102
MinimumVisualStudioVersion = 10.0.40219.1
Project("{FAE04EC0-301F-11D3-BF4B-00C04F79EFBC}") = "Punto14", "Punto14\Punto14.csproj", "{C9F13C47-8295-4A04-9D2E-56C4FF38E5E0}"
EndProject
Global
	GlobalSection(SolutionConfigurationPlatforms) = preSolution
		Debug|Any CPU = Debug|Any CPU
		Release|Any CPU = Release|Any CPU
	EndGlobalSection
	GlobalSection(ProjectConfigurationPlatforms) = postSolution
		{C9F13C47-8295-4A04-9D2E-56C4FF38E5E0}.Debug|Any CPU.ActiveCfg = Debug|Any CPU
		{C9F13C47-8295-4A04-9D2E-56C4FF38E5E0}.Debug|Any CPU.Build.0 = Debug|Any CPU
		{C9F13C47-8295-4A04-9D2E-56C4FF38E5E0}.Release|Any CPU.ActiveCfg = Release|Any CPU
		{C9F13C47-8295-4A04-9D2E-56C4FF38E5E0}.Release|Any CPU.Build.0 = Release|Any CPU
	EndGlobalSection
	GlobalSection(SolutionProperties) = preSolution
		HideSolutionNode = FALSE
	EndGlobalSection
	GlobalSection(ExtensibilityGlobals) = postSolution
		SolutionGuid = {1CCD1D53-C1A7-4730-A35B-CA70F336405E}
	EndGlobalSection
EndGlobal
